
Microsoft Visual Studio Solution File, Format Version 12.00
# Visual Studio 15
Project("{FAE04EC0-301F-11D3-BF4B-00C04F79EFBC}") = "UnityEngine.TestRunner", "UnityEngine.TestRunner.csproj", "{6538BF0A-75DB-E8DB-9132-01930CF8D0C5}"
EndProject
Project("{FAE04EC0-301F-11D3-BF4B-00C04F79EFBC}") = "UnityEngine.UI", "UnityEngine.UI.csproj", "{C41BCCFC-893E-9503-1ACB-6375AA458E9B}"
EndProject
Project("{FAE04EC0-301F-11D3-BF4B-00C04F79EFBC}") = "Unity.Timeline", "Unity.Timeline.csproj", "{581CFCEB-F83F-1DC6-54DE-A765F2855547}"
EndProject
Project("{FAE04EC0-301F-11D3-BF4B-00C04F79EFBC}") = "Unity.TextMeshPro", "Unity.TextMeshPro.csproj", "{97DAD063-FEFA-63E6-CF84-083E01669AB0}"
EndProject
Project("{FAE04EC0-301F-11D3-BF4B-00C04F79EFBC}") = "Assembly-CSharp", "Assembly-CSharp.csproj", "{3ED3D68F-EE58-BAAB-84A5-7F97429E921D}"
EndProject
Project("{FAE04EC0-301F-11D3-BF4B-00C04F79EFBC}") = "Unity.Timeline.Editor", "Unity.Timeline.Editor.csproj", "{9FB91928-2444-570D-1FA6-6D9A7E87566D}"
EndProject
Project("{FAE04EC0-301F-11D3-BF4B-00C04F79EFBC}") = "UnityEditor.TestRunner", "UnityEditor.TestRunner.csproj", "{FB39CDBE-3203-6DA4-26C8-7A299220B0FF}"
EndProject
Project("{FAE04EC0-301F-11D3-BF4B-00C04F79EFBC}") = "UnityEditor.UI", "UnityEditor.UI.csproj", "{14BC305F-C234-4437-1147-0581BD425CFE}"
EndProject
Project("{FAE04EC0-301F-11D3-BF4B-00C04F79EFBC}") = "Unity.VisualStudio.Editor", "Unity.VisualStudio.Editor.csproj", "{8C6750C4-EB10-20D3-92AA-F38B35D0F93A}"
EndProject
Project("{FAE04EC0-301F-11D3-BF4B-00C04F79EFBC}") = "Unity.TextMeshPro.Editor", "Unity.TextMeshPro.Editor.csproj", "{35EAECF4-4AA7-B139-D121-032B94317654}"
EndProject
Project("{FAE04EC0-301F-11D3-BF4B-00C04F79EFBC}") = "Unity.CollabProxy.Editor", "Unity.CollabProxy.Editor.csproj", "{DB5068E7-3D5A-3AC4-97B7-7CA5AB08AA19}"
EndProject
Project("{FAE04EC0-301F-11D3-BF4B-00C04F79EFBC}") = "Unity.VSCode.Editor", "Unity.VSCode.Editor.csproj", "{C09BFB04-7BAA-65AC-C0B6-24EE25C74506}"
EndProject
Project("{FAE04EC0-301F-11D3-BF4B-00C04F79EFBC}") = "Unity.Rider.Editor", "Unity.Rider.Editor.csproj", "{51B270D4-03F0-7F9E-FA67-FA739F4ED2DB}"
EndProject
Global
	GlobalSection(SolutionConfigurationPlatforms) = preSolution
		Debug|Any CPU = Debug|Any CPU
		Release|Any CPU = Release|Any CPU
	EndGlobalSection
	GlobalSection(ProjectConfigurationPlatforms) = postSolution
		{6538BF0A-75DB-E8DB-9132-01930CF8D0C5}.Debug|Any CPU.ActiveCfg = Debug|Any CPU
		{6538BF0A-75DB-E8DB-9132-01930CF8D0C5}.Debug|Any CPU.Build.0 = Debug|Any CPU
		{6538BF0A-75DB-E8DB-9132-01930CF8D0C5}.Release|Any CPU.ActiveCfg = Release|Any CPU
		{6538BF0A-75DB-E8DB-9132-01930CF8D0C5}.Release|Any CPU.Build.0 = Release|Any CPU
		{C41BCCFC-893E-9503-1ACB-6375AA458E9B}.Debug|Any CPU.ActiveCfg = Debug|Any CPU
		{C41BCCFC-893E-9503-1ACB-6375AA458E9B}.Debug|Any CPU.Build.0 = Debug|Any CPU
		{C41BCCFC-893E-9503-1ACB-6375AA458E9B}.Release|Any CPU.ActiveCfg = Release|Any CPU
		{C41BCCFC-893E-9503-1ACB-6375AA458E9B}.Release|Any CPU.Build.0 = Release|Any CPU
		{581CFCEB-F83F-1DC6-54DE-A765F2855547}.Debug|Any CPU.ActiveCfg = Debug|Any CPU
		{581CFCEB-F83F-1DC6-54DE-A765F2855547}.Debug|Any CPU.Build.0 = Debug|Any CPU
		{581CFCEB-F83F-1DC6-54DE-A765F2855547}.Release|Any CPU.ActiveCfg = Release|Any CPU
		{581CFCEB-F83F-1DC6-54DE-A765F2855547}.Release|Any CPU.Build.0 = Release|Any CPU
		{97DAD063-FEFA-63E6-CF84-083E01669AB0}.Debug|Any CPU.ActiveCfg = Debug|Any CPU
		{97DAD063-FEFA-63E6-CF84-083E01669AB0}.Debug|Any CPU.Build.0 = Debug|Any CPU
		{97DAD063-FEFA-63E6-CF84-083E01669AB0}.Release|Any CPU.ActiveCfg = Release|Any CPU
		{97DAD063-FEFA-63E6-CF84-083E01669AB0}.Release|Any CPU.Build.0 = Release|Any CPU
		{3ED3D68F-EE58-BAAB-84A5-7F97429E921D}.Debug|Any CPU.ActiveCfg = Debug|Any CPU
		{3ED3D68F-EE58-BAAB-84A5-7F97429E921D}.Debug|Any CPU.Build.0 = Debug|Any CPU
		{3ED3D68F-EE58-BAAB-84A5-7F97429E921D}.Release|Any CPU.ActiveCfg = Release|Any CPU
		{3ED3D68F-EE58-BAAB-84A5-7F97429E921D}.Release|Any CPU.Build.0 = Release|Any CPU
		{9FB91928-2444-570D-1FA6-6D9A7E87566D}.Debug|Any CPU.ActiveCfg = Debug|Any CPU
		{9FB91928-2444-570D-1FA6-6D9A7E87566D}.Debug|Any CPU.Build.0 = Debug|Any CPU
		{9FB91928-2444-570D-1FA6-6D9A7E87566D}.Release|Any CPU.ActiveCfg = Release|Any CPU
		{9FB91928-2444-570D-1FA6-6D9A7E87566D}.Release|Any CPU.Build.0 = Release|Any CPU
		{FB39CDBE-3203-6DA4-26C8-7A299220B0FF}.Debug|Any CPU.ActiveCfg = Debug|Any CPU
		{FB39CDBE-3203-6DA4-26C8-7A299220B0FF}.Debug|Any CPU.Build.0 = Debug|Any CPU
		{FB39CDBE-3203-6DA4-26C8-7A299220B0FF}.Release|Any CPU.ActiveCfg = Release|Any CPU
		{FB39CDBE-3203-6DA4-26C8-7A299220B0FF}.Release|Any CPU.Build.0 = Release|Any CPU
		{14BC305F-C234-4437-1147-0581BD425CFE}.Debug|Any CPU.ActiveCfg = Debug|Any CPU
		{14BC305F-C234-4437-1147-0581BD425CFE}.Debug|Any CPU.Build.0 = Debug|Any CPU
		{14BC305F-C234-4437-1147-0581BD425CFE}.Release|Any CPU.ActiveCfg = Release|Any CPU
		{14BC305F-C234-4437-1147-0581BD425CFE}.Release|Any CPU.Build.0 = Release|Any CPU
		{8C6750C4-EB10-20D3-92AA-F38B35D0F93A}.Debug|Any CPU.ActiveCfg = Debug|Any CPU
		{8C6750C4-EB10-20D3-92AA-F38B35D0F93A}.Debug|Any CPU.Build.0 = Debug|Any CPU
		{8C6750C4-EB10-20D3-92AA-F38B35D0F93A}.Release|Any CPU.ActiveCfg = Release|Any CPU
		{8C6750C4-EB10-20D3-92AA-F38B35D0F93A}.Release|Any CPU.Build.0 = Release|Any CPU
		{35EAECF4-4AA7-B139-D121-032B94317654}.Debug|Any CPU.ActiveCfg = Debug|Any CPU
		{35EAECF4-4AA7-B139-D121-032B94317654}.Debug|Any CPU.Build.0 = Debug|Any CPU
		{35EAECF4-4AA7-B139-D121-032B94317654}.Release|Any CPU.ActiveCfg = Release|Any CPU
		{35EAECF4-4AA7-B139-D121-032B94317654}.Release|Any CPU.Build.0 = Release|Any CPU
		{DB5068E7-3D5A-3AC4-97B7-7CA5AB08AA19}.Debug|Any CPU.ActiveCfg = Debug|Any CPU
		{DB5068E7-3D5A-3AC4-97B7-7CA5AB08AA19}.Debug|Any CPU.Build.0 = Debug|Any CPU
		{DB5068E7-3D5A-3AC4-97B7-7CA5AB08AA19}.Release|Any CPU.ActiveCfg = Release|Any CPU
		{DB5068E7-3D5A-3AC4-97B7-7CA5AB08AA19}.Release|Any CPU.Build.0 = Release|Any CPU
		{C09BFB04-7BAA-65AC-C0B6-24EE25C74506}.Debug|Any CPU.ActiveCfg = Debug|Any CPU
		{C09BFB04-7BAA-65AC-C0B6-24EE25C74506}.Debug|Any CPU.Build.0 = Debug|Any CPU
		{C09BFB04-7BAA-65AC-C0B6-24EE25C74506}.Release|Any CPU.ActiveCfg = Release|Any CPU
		{C09BFB04-7BAA-65AC-C0B6-24EE25C74506}.Release|Any CPU.Build.0 = Release|Any CPU
		{51B270D4-03F0-7F9E-FA67-FA739F4ED2DB}.Debug|Any CPU.ActiveCfg = Debug|Any CPU
		{51B270D4-03F0-7F9E-FA67-FA739F4ED2DB}.Debug|Any CPU.Build.0 = Debug|Any CPU
		{51B270D4-03F0-7F9E-FA67-FA739F4ED2DB}.Release|Any CPU.ActiveCfg = Release|Any CPU
		{51B270D4-03F0-7F9E-FA67-FA739F4ED2DB}.Release|Any CPU.Build.0 = Release|Any CPU
	EndGlobalSection
	GlobalSection(SolutionProperties) = preSolution
		HideSolutionNode = FALSE
	EndGlobalSection
EndGlobal
